// !$*UTF8*$!
{
	archiveVersion = 1;
	classes = {
	};
	objectVersion = 50;
	objects = {

/* Begin PBXBuildFile section */
		BD7B854923594F8C00ABEA3C /* Array+.swift in Sources */ = {isa = PBXBuildFile; fileRef = BD7B854823594F8C00ABEA3C /* Array+.swift */; };
		BD7B854B2359503000ABEA3C /* Dictionary+.swift in Sources */ = {isa = PBXBuildFile; fileRef = BD7B854A2359503000ABEA3C /* Dictionary+.swift */; };
		BD7B85502359587300ABEA3C /* MemoryHashable.swift in Sources */ = {isa = PBXBuildFile; fileRef = BD7B854F2359587300ABEA3C /* MemoryHashable.swift */; };
		BD7B855223595A9D00ABEA3C /* Date+.swift in Sources */ = {isa = PBXBuildFile; fileRef = BD7B855123595A9D00ABEA3C /* Date+.swift */; };
		BD81075A2358CC5F006B1A12 /* AppDelegate.swift in Sources */ = {isa = PBXBuildFile; fileRef = BD8107592358CC5F006B1A12 /* AppDelegate.swift */; };
		BD81075C2358CC5F006B1A12 /* SceneDelegate.swift in Sources */ = {isa = PBXBuildFile; fileRef = BD81075B2358CC5F006B1A12 /* SceneDelegate.swift */; };
		BD81075E2358CC5F006B1A12 /* ViewController.swift in Sources */ = {isa = PBXBuildFile; fileRef = BD81075D2358CC5F006B1A12 /* ViewController.swift */; };
		BD8107612358CC5F006B1A12 /* Main.storyboard in Resources */ = {isa = PBXBuildFile; fileRef = BD81075F2358CC5F006B1A12 /* Main.storyboard */; };
		BD8107642358CC5F006B1A12 /* Week2.xcdatamodeld in Sources */ = {isa = PBXBuildFile; fileRef = BD8107622358CC5F006B1A12 /* Week2.xcdatamodeld */; };
		BD8107662358CC61006B1A12 /* Assets.xcassets in Resources */ = {isa = PBXBuildFile; fileRef = BD8107652358CC61006B1A12 /* Assets.xcassets */; };
		BD8107692358CC61006B1A12 /* LaunchScreen.storyboard in Resources */ = {isa = PBXBuildFile; fileRef = BD8107672358CC61006B1A12 /* LaunchScreen.storyboard */; };
		BD8107742358CC61006B1A12 /* Week2Tests.swift in Sources */ = {isa = PBXBuildFile; fileRef = BD8107732358CC61006B1A12 /* Week2Tests.swift */; };
		BD81078F2358CD16006B1A12 /* AmountDiscount.swift in Sources */ = {isa = PBXBuildFile; fileRef = BD81078E2358CD16006B1A12 /* AmountDiscount.swift */; };
		BD8107912358CD27006B1A12 /* Customer.swift in Sources */ = {isa = PBXBuildFile; fileRef = BD8107902358CD27006B1A12 /* Customer.swift */; };
		BD8107932358CD34006B1A12 /* DiscountCondition.swift in Sources */ = {isa = PBXBuildFile; fileRef = BD8107922358CD34006B1A12 /* DiscountCondition.swift */; };
		BD8107952358CD41006B1A12 /* DiscountPolicy.swift in Sources */ = {isa = PBXBuildFile; fileRef = BD8107942358CD41006B1A12 /* DiscountPolicy.swift */; };
		BD8107972358CDA0006B1A12 /* Money.swift in Sources */ = {isa = PBXBuildFile; fileRef = BD8107962358CDA0006B1A12 /* Money.swift */; };
		BD8107992358CDAC006B1A12 /* Movie.swift in Sources */ = {isa = PBXBuildFile; fileRef = BD8107982358CDAC006B1A12 /* Movie.swift */; };
		BD81079B2358CDB9006B1A12 /* PercentDiscount.swift in Sources */ = {isa = PBXBuildFile; fileRef = BD81079A2358CDB9006B1A12 /* PercentDiscount.swift */; };
		BD81079D2358CDDC006B1A12 /* Reservation.swift in Sources */ = {isa = PBXBuildFile; fileRef = BD81079C2358CDDC006B1A12 /* Reservation.swift */; };
		BD81079F2358CDE7006B1A12 /* Screening.swift in Sources */ = {isa = PBXBuildFile; fileRef = BD81079E2358CDE7006B1A12 /* Screening.swift */; };
		BD8107A12358CDF2006B1A12 /* SequenceAmountDiscount.swift in Sources */ = {isa = PBXBuildFile; fileRef = BD8107A02358CDF2006B1A12 /* SequenceAmountDiscount.swift */; };
		BD8107A32358CDFE006B1A12 /* SequencePercentDiscount.swift in Sources */ = {isa = PBXBuildFile; fileRef = BD8107A22358CDFE006B1A12 /* SequencePercentDiscount.swift */; };
		BD8107A52358CE11006B1A12 /* Theater.swift in Sources */ = {isa = PBXBuildFile; fileRef = BD8107A42358CE11006B1A12 /* Theater.swift */; };
		BD8107A72358CE1D006B1A12 /* TicketOffice.swift in Sources */ = {isa = PBXBuildFile; fileRef = BD8107A62358CE1D006B1A12 /* TicketOffice.swift */; };
		BD8107A92358CE28006B1A12 /* TicketSeller.swift in Sources */ = {isa = PBXBuildFile; fileRef = BD8107A82358CE28006B1A12 /* TicketSeller.swift */; };
/* End PBXBuildFile section */

/* Begin PBXContainerItemProxy section */
		BD8107702358CC61006B1A12 /* PBXContainerItemProxy */ = {
			isa = PBXContainerItemProxy;
			containerPortal = BD81074E2358CC5F006B1A12 /* Project object */;
			proxyType = 1;
			remoteGlobalIDString = BD8107552358CC5F006B1A12;
			remoteInfo = Week2;
		};
/* End PBXContainerItemProxy section */

/* Begin PBXFileReference section */
		BD7B854823594F8C00ABEA3C /* Array+.swift */ = {isa = PBXFileReference; lastKnownFileType = sourcecode.swift; path = "Array+.swift"; sourceTree = "<group>"; };
		BD7B854A2359503000ABEA3C /* Dictionary+.swift */ = {isa = PBXFileReference; lastKnownFileType = sourcecode.swift; path = "Dictionary+.swift"; sourceTree = "<group>"; };
		BD7B854F2359587300ABEA3C /* MemoryHashable.swift */ = {isa = PBXFileReference; lastKnownFileType = sourcecode.swift; path = MemoryHashable.swift; sourceTree = "<group>"; };
		BD7B855123595A9D00ABEA3C /* Date+.swift */ = {isa = PBXFileReference; lastKnownFileType = sourcecode.swift; path = "Date+.swift"; sourceTree = "<group>"; };
		BD8107562358CC5F006B1A12 /* Week2.app */ = {isa = PBXFileReference; explicitFileType = wrapper.application; includeInIndex = 0; path = Week2.app; sourceTree = BUILT_PRODUCTS_DIR; };
		BD8107592358CC5F006B1A12 /* AppDelegate.swift */ = {isa = PBXFileReference; lastKnownFileType = sourcecode.swift; path = AppDelegate.swift; sourceTree = "<group>"; };
		BD81075B2358CC5F006B1A12 /* SceneDelegate.swift */ = {isa = PBXFileReference; lastKnownFileType = sourcecode.swift; path = SceneDelegate.swift; sourceTree = "<group>"; };
		BD81075D2358CC5F006B1A12 /* ViewController.swift */ = {isa = PBXFileReference; lastKnownFileType = sourcecode.swift; path = ViewController.swift; sourceTree = "<group>"; };
		BD8107602358CC5F006B1A12 /* Base */ = {isa = PBXFileReference; lastKnownFileType = file.storyboard; name = Base; path = Base.lproj/Main.storyboard; sourceTree = "<group>"; };
		BD8107632358CC5F006B1A12 /* Week2.xcdatamodel */ = {isa = PBXFileReference; lastKnownFileType = wrapper.xcdatamodel; path = Week2.xcdatamodel; sourceTree = "<group>"; };
		BD8107652358CC61006B1A12 /* Assets.xcassets */ = {isa = PBXFileReference; lastKnownFileType = folder.assetcatalog; path = Assets.xcassets; sourceTree = "<group>"; };
		BD8107682358CC61006B1A12 /* Base */ = {isa = PBXFileReference; lastKnownFileType = file.storyboard; name = Base; path = Base.lproj/LaunchScreen.storyboard; sourceTree = "<group>"; };
		BD81076A2358CC61006B1A12 /* Info.plist */ = {isa = PBXFileReference; lastKnownFileType = text.plist.xml; path = Info.plist; sourceTree = "<group>"; };
		BD81076F2358CC61006B1A12 /* Week2Tests.xctest */ = {isa = PBXFileReference; explicitFileType = wrapper.cfbundle; includeInIndex = 0; path = Week2Tests.xctest; sourceTree = BUILT_PRODUCTS_DIR; };
		BD8107732358CC61006B1A12 /* Week2Tests.swift */ = {isa = PBXFileReference; lastKnownFileType = sourcecode.swift; path = Week2Tests.swift; sourceTree = "<group>"; };
		BD8107752358CC61006B1A12 /* Info.plist */ = {isa = PBXFileReference; lastKnownFileType = text.plist.xml; path = Info.plist; sourceTree = "<group>"; };
		BD81078E2358CD16006B1A12 /* AmountDiscount.swift */ = {isa = PBXFileReference; lastKnownFileType = sourcecode.swift; path = AmountDiscount.swift; sourceTree = "<group>"; };
		BD8107902358CD27006B1A12 /* Customer.swift */ = {isa = PBXFileReference; lastKnownFileType = sourcecode.swift; path = Customer.swift; sourceTree = "<group>"; };
		BD8107922358CD34006B1A12 /* DiscountCondition.swift */ = {isa = PBXFileReference; lastKnownFileType = sourcecode.swift; path = DiscountCondition.swift; sourceTree = "<group>"; };
		BD8107942358CD41006B1A12 /* DiscountPolicy.swift */ = {isa = PBXFileReference; lastKnownFileType = sourcecode.swift; path = DiscountPolicy.swift; sourceTree = "<group>"; };
		BD8107962358CDA0006B1A12 /* Money.swift */ = {isa = PBXFileReference; lastKnownFileType = sourcecode.swift; path = Money.swift; sourceTree = "<group>"; };
		BD8107982358CDAC006B1A12 /* Movie.swift */ = {isa = PBXFileReference; lastKnownFileType = sourcecode.swift; path = Movie.swift; sourceTree = "<group>"; };
		BD81079A2358CDB9006B1A12 /* PercentDiscount.swift */ = {isa = PBXFileReference; lastKnownFileType = sourcecode.swift; path = PercentDiscount.swift; sourceTree = "<group>"; };
		BD81079C2358CDDC006B1A12 /* Reservation.swift */ = {isa = PBXFileReference; lastKnownFileType = sourcecode.swift; path = Reservation.swift; sourceTree = "<group>"; };
		BD81079E2358CDE7006B1A12 /* Screening.swift */ = {isa = PBXFileReference; lastKnownFileType = sourcecode.swift; path = Screening.swift; sourceTree = "<group>"; };
		BD8107A02358CDF2006B1A12 /* SequenceAmountDiscount.swift */ = {isa = PBXFileReference; lastKnownFileType = sourcecode.swift; path = SequenceAmountDiscount.swift; sourceTree = "<group>"; };
		BD8107A22358CDFE006B1A12 /* SequencePercentDiscount.swift */ = {isa = PBXFileReference; lastKnownFileType = sourcecode.swift; path = SequencePercentDiscount.swift; sourceTree = "<group>"; };
		BD8107A42358CE11006B1A12 /* Theater.swift */ = {isa = PBXFileReference; lastKnownFileType = sourcecode.swift; path = Theater.swift; sourceTree = "<group>"; };
		BD8107A62358CE1D006B1A12 /* TicketOffice.swift */ = {isa = PBXFileReference; lastKnownFileType = sourcecode.swift; path = TicketOffice.swift; sourceTree = "<group>"; };
		BD8107A82358CE28006B1A12 /* TicketSeller.swift */ = {isa = PBXFileReference; lastKnownFileType = sourcecode.swift; path = TicketSeller.swift; sourceTree = "<group>"; };
/* End PBXFileReference section */

/* Begin PBXFrameworksBuildPhase section */
		BD8107532358CC5F006B1A12 /* Frameworks */ = {
			isa = PBXFrameworksBuildPhase;
			buildActionMask = 2147483647;
			files = (
			);
			runOnlyForDeploymentPostprocessing = 0;
		};
		BD81076C2358CC61006B1A12 /* Frameworks */ = {
			isa = PBXFrameworksBuildPhase;
			buildActionMask = 2147483647;
			files = (
			);
			runOnlyForDeploymentPostprocessing = 0;
		};
/* End PBXFrameworksBuildPhase section */

/* Begin PBXGroup section */
		BD81074D2358CC5F006B1A12 = {
			isa = PBXGroup;
			children = (
				BD8107582358CC5F006B1A12 /* Week2 */,
				BD8107722358CC61006B1A12 /* Week2Tests */,
				BD8107572358CC5F006B1A12 /* Products */,
			);
			sourceTree = "<group>";
		};
		BD8107572358CC5F006B1A12 /* Products */ = {
			isa = PBXGroup;
			children = (
				BD8107562358CC5F006B1A12 /* Week2.app */,
				BD81076F2358CC61006B1A12 /* Week2Tests.xctest */,
			);
			name = Products;
			sourceTree = "<group>";
		};
		BD8107582358CC5F006B1A12 /* Week2 */ = {
			isa = PBXGroup;
			children = (
				BD81078D2358CD0C006B1A12 /* Example */,
				BD8107592358CC5F006B1A12 /* AppDelegate.swift */,
				BD81075B2358CC5F006B1A12 /* SceneDelegate.swift */,
				BD81075D2358CC5F006B1A12 /* ViewController.swift */,
				BD81075F2358CC5F006B1A12 /* Main.storyboard */,
				BD8107652358CC61006B1A12 /* Assets.xcassets */,
				BD8107672358CC61006B1A12 /* LaunchScreen.storyboard */,
				BD81076A2358CC61006B1A12 /* Info.plist */,
				BD8107622358CC5F006B1A12 /* Week2.xcdatamodeld */,
			);
			path = Week2;
			sourceTree = "<group>";
		};
		BD8107722358CC61006B1A12 /* Week2Tests */ = {
			isa = PBXGroup;
			children = (
				BD8107732358CC61006B1A12 /* Week2Tests.swift */,
				BD8107752358CC61006B1A12 /* Info.plist */,
			);
			path = Week2Tests;
			sourceTree = "<group>";
		};
		BD81078D2358CD0C006B1A12 /* Example */ = {
			isa = PBXGroup;
			children = (
				BD81078E2358CD16006B1A12 /* AmountDiscount.swift */,
				BD8107902358CD27006B1A12 /* Customer.swift */,
				BD8107922358CD34006B1A12 /* DiscountCondition.swift */,
				BD8107942358CD41006B1A12 /* DiscountPolicy.swift */,
				BD8107962358CDA0006B1A12 /* Money.swift */,
				BD8107982358CDAC006B1A12 /* Movie.swift */,
				BD81079A2358CDB9006B1A12 /* PercentDiscount.swift */,
				BD81079C2358CDDC006B1A12 /* Reservation.swift */,
				BD81079E2358CDE7006B1A12 /* Screening.swift */,
				BD8107A02358CDF2006B1A12 /* SequenceAmountDiscount.swift */,
				BD8107A22358CDFE006B1A12 /* SequencePercentDiscount.swift */,
				BD8107A42358CE11006B1A12 /* Theater.swift */,
				BD8107A62358CE1D006B1A12 /* TicketOffice.swift */,
				BD8107A82358CE28006B1A12 /* TicketSeller.swift */,
				BD7B854823594F8C00ABEA3C /* Array+.swift */,
				BD7B854A2359503000ABEA3C /* Dictionary+.swift */,
				BD7B854F2359587300ABEA3C /* MemoryHashable.swift */,
				BD7B855123595A9D00ABEA3C /* Date+.swift */,
			);
			path = Example;
			sourceTree = "<group>";
		};
/* End PBXGroup section */

/* Begin PBXNativeTarget section */
		BD8107552358CC5F006B1A12 /* Week2 */ = {
			isa = PBXNativeTarget;
			buildConfigurationList = BD8107832358CC61006B1A12 /* Build configuration list for PBXNativeTarget "Week2" */;
			buildPhases = (
				BD8107522358CC5F006B1A12 /* Sources */,
				BD8107532358CC5F006B1A12 /* Frameworks */,
				BD8107542358CC5F006B1A12 /* Resources */,
			);
			buildRules = (
			);
			dependencies = (
			);
			name = Week2;
			productName = Week2;
			productReference = BD8107562358CC5F006B1A12 /* Week2.app */;
			productType = "com.apple.product-type.application";
		};
		BD81076E2358CC61006B1A12 /* Week2Tests */ = {
			isa = PBXNativeTarget;
			buildConfigurationList = BD8107862358CC61006B1A12 /* Build configuration list for PBXNativeTarget "Week2Tests" */;
			buildPhases = (
				BD81076B2358CC61006B1A12 /* Sources */,
				BD81076C2358CC61006B1A12 /* Frameworks */,
				BD81076D2358CC61006B1A12 /* Resources */,
			);
			buildRules = (
			);
			dependencies = (
				BD8107712358CC61006B1A12 /* PBXTargetDependency */,
			);
			name = Week2Tests;
			productName = Week2Tests;
			productReference = BD81076F2358CC61006B1A12 /* Week2Tests.xctest */;
			productType = "com.apple.product-type.bundle.unit-test";
		};
/* End PBXNativeTarget section */

/* Begin PBXProject section */
		BD81074E2358CC5F006B1A12 /* Project object */ = {
			isa = PBXProject;
			attributes = {
				LastSwiftUpdateCheck = 1110;
				LastUpgradeCheck = 1110;
				ORGANIZATIONNAME = assin;
				TargetAttributes = {
					BD8107552358CC5F006B1A12 = {
						CreatedOnToolsVersion = 11.1;
					};
					BD81076E2358CC61006B1A12 = {
						CreatedOnToolsVersion = 11.1;
						TestTargetID = BD8107552358CC5F006B1A12;
					};
				};
			};
			buildConfigurationList = BD8107512358CC5F006B1A12 /* Build configuration list for PBXProject "Week2" */;
			compatibilityVersion = "Xcode 9.3";
			developmentRegion = en;
			hasScannedForEncodings = 0;
			knownRegions = (
				en,
				Base,
			);
			mainGroup = BD81074D2358CC5F006B1A12;
			productRefGroup = BD8107572358CC5F006B1A12 /* Products */;
			projectDirPath = "";
			projectRoot = "";
			targets = (
				BD8107552358CC5F006B1A12 /* Week2 */,
				BD81076E2358CC61006B1A12 /* Week2Tests */,
			);
		};
/* End PBXProject section */

/* Begin PBXResourcesBuildPhase section */
		BD8107542358CC5F006B1A12 /* Resources */ = {
			isa = PBXResourcesBuildPhase;
			buildActionMask = 2147483647;
			files = (
				BD8107692358CC61006B1A12 /* LaunchScreen.storyboard in Resources */,
				BD8107662358CC61006B1A12 /* Assets.xcassets in Resources */,
				BD8107612358CC5F006B1A12 /* Main.storyboard in Resources */,
			);
			runOnlyForDeploymentPostprocessing = 0;
		};
		BD81076D2358CC61006B1A12 /* Resources */ = {
			isa = PBXResourcesBuildPhase;
			buildActionMask = 2147483647;
			files = (
			);
			runOnlyForDeploymentPostprocessing = 0;
		};
/* End PBXResourcesBuildPhase section */

/* Begin PBXSourcesBuildPhase section */
		BD8107522358CC5F006B1A12 /* Sources */ = {
			isa = PBXSourcesBuildPhase;
			buildActionMask = 2147483647;
			files = (
				BD7B85502359587300ABEA3C /* MemoryHashable.swift in Sources */,
				BD8107952358CD41006B1A12 /* DiscountPolicy.swift in Sources */,
				BD7B854B2359503000ABEA3C /* Dictionary+.swift in Sources */,
				BD81079B2358CDB9006B1A12 /* PercentDiscount.swift in Sources */,
				BD81079D2358CDDC006B1A12 /* Reservation.swift in Sources */,
				BD81079F2358CDE7006B1A12 /* Screening.swift in Sources */,
				BD8107A92358CE28006B1A12 /* TicketSeller.swift in Sources */,
				BD81078F2358CD16006B1A12 /* AmountDiscount.swift in Sources */,
				BD7B854923594F8C00ABEA3C /* Array+.swift in Sources */,
				BD8107A52358CE11006B1A12 /* Theater.swift in Sources */,
				BD8107A32358CDFE006B1A12 /* SequencePercentDiscount.swift in Sources */,
				BD7B855223595A9D00ABEA3C /* Date+.swift in Sources */,
				BD8107642358CC5F006B1A12 /* Week2.xcdatamodeld in Sources */,
				BD8107972358CDA0006B1A12 /* Money.swift in Sources */,
				BD8107992358CDAC006B1A12 /* Movie.swift in Sources */,
				BD81075E2358CC5F006B1A12 /* ViewController.swift in Sources */,
				BD8107A12358CDF2006B1A12 /* SequenceAmountDiscount.swift in Sources */,
				BD8107932358CD34006B1A12 /* DiscountCondition.swift in Sources */,
				BD8107912358CD27006B1A12 /* Customer.swift in Sources */,
				BD81075A2358CC5F006B1A12 /* AppDelegate.swift in Sources */,
				BD81075C2358CC5F006B1A12 /* SceneDelegate.swift in Sources */,
				BD8107A72358CE1D006B1A12 /* TicketOffice.swift in Sources */,
			);
			runOnlyForDeploymentPostprocessing = 0;
		};
		BD81076B2358CC61006B1A12 /* Sources */ = {
			isa = PBXSourcesBuildPhase;
			buildActionMask = 2147483647;
			files = (
				BD8107742358CC61006B1A12 /* Week2Tests.swift in Sources */,
			);
			runOnlyForDeploymentPostprocessing = 0;
		};
/* End PBXSourcesBuildPhase section */

/* Begin PBXTargetDependency section */
		BD8107712358CC61006B1A12 /* PBXTargetDependency */ = {
			isa = PBXTargetDependency;
			target = BD8107552358CC5F006B1A12 /* Week2 */;
			targetProxy = BD8107702358CC61006B1A12 /* PBXContainerItemProxy */;
		};
/* End PBXTargetDependency section */

/* Begin PBXVariantGroup section */
		BD81075F2358CC5F006B1A12 /* Main.storyboard */ = {
			isa = PBXVariantGroup;
			children = (
				BD8107602358CC5F006B1A12 /* Base */,
			);
			name = Main.storyboard;
			sourceTree = "<group>";
		};
		BD8107672358CC61006B1A12 /* LaunchScreen.storyboard */ = {
			isa = PBXVariantGroup;
			children = (
				BD8107682358CC61006B1A12 /* Base */,
			);
			name = LaunchScreen.storyboard;
			sourceTree = "<group>";
		};
/* End PBXVariantGroup section */

/* Begin XCBuildConfiguration section */
		BD8107812358CC61006B1A12 /* Debug */ = {
			isa = XCBuildConfiguration;
			buildSettings = {
				ALWAYS_SEARCH_USER_PATHS = NO;
				CLANG_ANALYZER_NONNULL = YES;
				CLANG_ANALYZER_NUMBER_OBJECT_CONVERSION = YES_AGGRESSIVE;
				CLANG_CXX_LANGUAGE_STANDARD = "gnu++14";
				CLANG_CXX_LIBRARY = "libc++";
				CLANG_ENABLE_MODULES = YES;
				CLANG_ENABLE_OBJC_ARC = YES;
				CLANG_ENABLE_OBJC_WEAK = YES;
				CLANG_WARN_BLOCK_CAPTURE_AUTORELEASING = YES;
				CLANG_WARN_BOOL_CONVERSION = YES;
				CLANG_WARN_COMMA = YES;
				CLANG_WARN_CONSTANT_CONVERSION = YES;
				CLANG_WARN_DEPRECATED_OBJC_IMPLEMENTATIONS = YES;
				CLANG_WARN_DIRECT_OBJC_ISA_USAGE = YES_ERROR;
				CLANG_WARN_DOCUMENTATION_COMMENTS = YES;
				CLANG_WARN_EMPTY_BODY = YES;
				CLANG_WARN_ENUM_CONVERSION = YES;
				CLANG_WARN_INFINITE_RECURSION = YES;
				CLANG_WARN_INT_CONVERSION = YES;
				CLANG_WARN_NON_LITERAL_NULL_CONVERSION = YES;
				CLANG_WARN_OBJC_IMPLICIT_RETAIN_SELF = YES;
				CLANG_WARN_OBJC_LITERAL_CONVERSION = YES;
				CLANG_WARN_OBJC_ROOT_CLASS = YES_ERROR;
				CLANG_WARN_RANGE_LOOP_ANALYSIS = YES;
				CLANG_WARN_STRICT_PROTOTYPES = YES;
				CLANG_WARN_SUSPICIOUS_MOVE = YES;
				CLANG_WARN_UNGUARDED_AVAILABILITY = YES_AGGRESSIVE;
				CLANG_WARN_UNREACHABLE_CODE = YES;
				CLANG_WARN__DUPLICATE_METHOD_MATCH = YES;
				COPY_PHASE_STRIP = NO;
				DEBUG_INFORMATION_FORMAT = dwarf;
				ENABLE_STRICT_OBJC_MSGSEND = YES;
				ENABLE_TESTABILITY = YES;
				GCC_C_LANGUAGE_STANDARD = gnu11;
				GCC_DYNAMIC_NO_PIC = NO;
				GCC_NO_COMMON_BLOCKS = YES;
				GCC_OPTIMIZATION_LEVEL = 0;
				GCC_PREPROCESSOR_DEFINITIONS = (
					"DEBUG=1",
					"$(inherited)",
				);
				GCC_WARN_64_TO_32_BIT_CONVERSION = YES;
				GCC_WARN_ABOUT_RETURN_TYPE = YES_ERROR;
				GCC_WARN_UNDECLARED_SELECTOR = YES;
				GCC_WARN_UNINITIALIZED_AUTOS = YES_AGGRESSIVE;
				GCC_WARN_UNUSED_FUNCTION = YES;
				GCC_WARN_UNUSED_VARIABLE = YES;
				IPHONEOS_DEPLOYMENT_TARGET = 13.1;
				MTL_ENABLE_DEBUG_INFO = INCLUDE_SOURCE;
				MTL_FAST_MATH = YES;
				ONLY_ACTIVE_ARCH = YES;
				SDKROOT = iphoneos;
				SWIFT_ACTIVE_COMPILATION_CONDITIONS = DEBUG;
				SWIFT_OPTIMIZATION_LEVEL = "-Onone";
			};
			name = Debug;
		};
		BD8107822358CC61006B1A12 /* Release */ = {
			isa = XCBuildConfiguration;
			buildSettings = {
				ALWAYS_SEARCH_USER_PATHS = NO;
				CLANG_ANALYZER_NONNULL = YES;
				CLANG_ANALYZER_NUMBER_OBJECT_CONVERSION = YES_AGGRESSIVE;
				CLANG_CXX_LANGUAGE_STANDARD = "gnu++14";
				CLANG_CXX_LIBRARY = "libc++";
				CLANG_ENABLE_MODULES = YES;
				CLANG_ENABLE_OBJC_ARC = YES;
				CLANG_ENABLE_OBJC_WEAK = YES;
				CLANG_WARN_BLOCK_CAPTURE_AUTORELEASING = YES;
				CLANG_WARN_BOOL_CONVERSION = YES;
				CLANG_WARN_COMMA = YES;
				CLANG_WARN_CONSTANT_CONVERSION = YES;
				CLANG_WARN_DEPRECATED_OBJC_IMPLEMENTATIONS = YES;
				CLANG_WARN_DIRECT_OBJC_ISA_USAGE = YES_ERROR;
				CLANG_WARN_DOCUMENTATION_COMMENTS = YES;
				CLANG_WARN_EMPTY_BODY = YES;
				CLANG_WARN_ENUM_CONVERSION = YES;
				CLANG_WARN_INFINITE_RECURSION = YES;
				CLANG_WARN_INT_CONVERSION = YES;
				CLANG_WARN_NON_LITERAL_NULL_CONVERSION = YES;
				CLANG_WARN_OBJC_IMPLICIT_RETAIN_SELF = YES;
				CLANG_WARN_OBJC_LITERAL_CONVERSION = YES;
				CLANG_WARN_OBJC_ROOT_CLASS = YES_ERROR;
				CLANG_WARN_RANGE_LOOP_ANALYSIS = YES;
				CLANG_WARN_STRICT_PROTOTYPES = YES;
				CLANG_WARN_SUSPICIOUS_MOVE = YES;
				CLANG_WARN_UNGUARDED_AVAILABILITY = YES_AGGRESSIVE;
				CLANG_WARN_UNREACHABLE_CODE = YES;
				CLANG_WARN__DUPLICATE_METHOD_MATCH = YES;
				COPY_PHASE_STRIP = NO;
				DEBUG_INFORMATION_FORMAT = "dwarf-with-dsym";
				ENABLE_NS_ASSERTIONS = NO;
				ENABLE_STRICT_OBJC_MSGSEND = YES;
				GCC_C_LANGUAGE_STANDARD = gnu11;
				GCC_NO_COMMON_BLOCKS = YES;
				GCC_WARN_64_TO_32_BIT_CONVERSION = YES;
				GCC_WARN_ABOUT_RETURN_TYPE = YES_ERROR;
				GCC_WARN_UNDECLARED_SELECTOR = YES;
				GCC_WARN_UNINITIALIZED_AUTOS = YES_AGGRESSIVE;
				GCC_WARN_UNUSED_FUNCTION = YES;
				GCC_WARN_UNUSED_VARIABLE = YES;
				IPHONEOS_DEPLOYMENT_TARGET = 13.1;
				MTL_ENABLE_DEBUG_INFO = NO;
				MTL_FAST_MATH = YES;
				SDKROOT = iphoneos;
				SWIFT_COMPILATION_MODE = wholemodule;
				SWIFT_OPTIMIZATION_LEVEL = "-O";
				VALIDATE_PRODUCT = YES;
			};
			name = Release;
		};
		BD8107842358CC61006B1A12 /* Debug */ = {
			isa = XCBuildConfiguration;
			buildSettings = {
				ASSETCATALOG_COMPILER_APPICON_NAME = AppIcon;
				CODE_SIGN_STYLE = Automatic;
				DEVELOPMENT_TEAM = 576T8HK6X4;
				INFOPLIST_FILE = Week2/Info.plist;
				LD_RUNPATH_SEARCH_PATHS = (
					"$(inherited)",
					"@executable_path/Frameworks",
				);
				PRODUCT_BUNDLE_IDENTIFIER = com.assin.Week2;
				PRODUCT_NAME = "$(TARGET_NAME)";
				SWIFT_VERSION = 5.0;
				TARGETED_DEVICE_FAMILY = "1,2";
			};
			name = Debug;
		};
		BD8107852358CC61006B1A12 /* Release */ = {
			isa = XCBuildConfiguration;
			buildSettings = {
				ASSETCATALOG_COMPILER_APPICON_NAME = AppIcon;
				CODE_SIGN_STYLE = Automatic;
				DEVELOPMENT_TEAM = 576T8HK6X4;
				INFOPLIST_FILE = Week2/Info.plist;
				LD_RUNPATH_SEARCH_PATHS = (
					"$(inherited)",
					"@executable_path/Frameworks",
				);
				PRODUCT_BUNDLE_IDENTIFIER = com.assin.Week2;
				PRODUCT_NAME = "$(TARGET_NAME)";
				SWIFT_VERSION = 5.0;
				TARGETED_DEVICE_FAMILY = "1,2";
			};
			name = Release;
		};
		BD8107872358CC61006B1A12 /* Debug */ = {
			isa = XCBuildConfiguration;
			buildSettings = {
				ALWAYS_EMBED_SWIFT_STANDARD_LIBRARIES = YES;
				BUNDLE_LOADER = "$(TEST_HOST)";
				CODE_SIGN_STYLE = Automatic;
				DEVELOPMENT_TEAM = 576T8HK6X4;
				INFOPLIST_FILE = Week2Tests/Info.plist;
				IPHONEOS_DEPLOYMENT_TARGET = 13.1;
				LD_RUNPATH_SEARCH_PATHS = (
					"$(inherited)",
					"@executable_path/Frameworks",
					"@loader_path/Frameworks",
				);
				PRODUCT_BUNDLE_IDENTIFIER = com.assin.Week2Tests;
				PRODUCT_NAME = "$(TARGET_NAME)";
				SWIFT_VERSION = 5.0;
				TARGETED_DEVICE_FAMILY = "1,2";
				TEST_HOST = "$(BUILT_PRODUCTS_DIR)/Week2.app/Week2";
			};
			name = Debug;
		};
		BD8107882358CC61006B1A12 /* Release */ = {
			isa = XCBuildConfiguration;
			buildSettings = {
				ALWAYS_EMBED_SWIFT_STANDARD_LIBRARIES = YES;
				BUNDLE_LOADER = "$(TEST_HOST)";
				CODE_SIGN_STYLE = Automatic;
				DEVELOPMENT_TEAM = 576T8HK6X4;
				INFOPLIST_FILE = Week2Tests/Info.plist;
				IPHONEOS_DEPLOYMENT_TARGET = 13.1;
				LD_RUNPATH_SEARCH_PATHS = (
					"$(inherited)",
					"@executable_path/Frameworks",
					"@loader_path/Frameworks",
				);
				PRODUCT_BUNDLE_IDENTIFIER = com.assin.Week2Tests;
				PRODUCT_NAME = "$(TARGET_NAME)";
				SWIFT_VERSION = 5.0;
				TARGETED_DEVICE_FAMILY = "1,2";
				TEST_HOST = "$(BUILT_PRODUCTS_DIR)/Week2.app/Week2";
			};
			name = Release;
		};
/* End XCBuildConfiguration section */

/* Begin XCConfigurationList section */
		BD8107512358CC5F006B1A12 /* Build configuration list for PBXProject "Week2" */ = {
			isa = XCConfigurationList;
			buildConfigurations = (
				BD8107812358CC61006B1A12 /* Debug */,
				BD8107822358CC61006B1A12 /* Release */,
			);
			defaultConfigurationIsVisible = 0;
			defaultConfigurationName = Release;
		};
		BD8107832358CC61006B1A12 /* Build configuration list for PBXNativeTarget "Week2" */ = {
			isa = XCConfigurationList;
			buildConfigurations = (
				BD8107842358CC61006B1A12 /* Debug */,
				BD8107852358CC61006B1A12 /* Release */,
			);
			defaultConfigurationIsVisible = 0;
			defaultConfigurationName = Release;
		};
		BD8107862358CC61006B1A12 /* Build configuration list for PBXNativeTarget "Week2Tests" */ = {
			isa = XCConfigurationList;
			buildConfigurations = (
				BD8107872358CC61006B1A12 /* Debug */,
				BD8107882358CC61006B1A12 /* Release */,
			);
			defaultConfigurationIsVisible = 0;
			defaultConfigurationName = Release;
		};
/* End XCConfigurationList section */

/* Begin XCVersionGroup section */
		BD8107622358CC5F006B1A12 /* Week2.xcdatamodeld */ = {
			isa = XCVersionGroup;
			children = (
				BD8107632358CC5F006B1A12 /* Week2.xcdatamodel */,
			);
			currentVersion = BD8107632358CC5F006B1A12 /* Week2.xcdatamodel */;
			path = Week2.xcdatamodeld;
			sourceTree = "<group>";
			versionGroupType = wrapper.xcdatamodel;
		};
/* End XCVersionGroup section */
	};
	rootObject = BD81074E2358CC5F006B1A12 /* Project object */;
}
